
Microsoft Visual Studio Solution File, Format Version 12.00
# Visual Studio Version 17
VisualStudioVersion = 17.2.32630.192
MinimumVisualStudioVersion = 10.0.40219.1
Project("{9A19103F-16F7-4668-BE54-9A1E7A4F7556}") = "R5T.O0007", "R5T.O0007\R5T.O0007.csproj", "{C9056F6B-D418-483B-902F-CFF5961FF36C}"
EndProject
Project("{2150E333-8FDC-42A3-9474-1A3956D46DE8}") = "_Dependencies", "_Dependencies", "{31334FDA-B969-4E14-8A75-154ABDE72A1A}"
EndProject
Project("{9A19103F-16F7-4668-BE54-9A1E7A4F7556}") = "R5T.F0000", "..\..\R5T.F0000\source\R5T.F0000\R5T.F0000.csproj", "{CAE35DD5-97E5-48AF-AB97-195FC43B868D}"
EndProject
Project("{9A19103F-16F7-4668-BE54-9A1E7A4F7556}") = "R5T.F0002", "..\..\R5T.F0002\source\R5T.F0002\R5T.F0002.csproj", "{C3EFBC35-ED01-440B-BAF1-36661F9DBB70}"
EndProject
Project("{9A19103F-16F7-4668-BE54-9A1E7A4F7556}") = "R5T.F0120", "..\..\R5T.F0120\source\R5T.F0120\R5T.F0120.csproj", "{B99AE6F3-80A6-4D73-A78D-C9EDDC8F8908}"
EndProject
Project("{9A19103F-16F7-4668-BE54-9A1E7A4F7556}") = "R5T.F0124", "..\..\R5T.F0124\source\R5T.F0124\R5T.F0124.csproj", "{72ED116B-C4AF-485E-9757-63CB9D2959C0}"
EndProject
Project("{9A19103F-16F7-4668-BE54-9A1E7A4F7556}") = "R5T.F0125", "..\..\R5T.F0125\source\R5T.F0125\R5T.F0125.csproj", "{5B75A657-9496-4F14-9CBE-73F259B4F7D1}"
EndProject
Project("{9A19103F-16F7-4668-BE54-9A1E7A4F7556}") = "R5T.L0030.T000", "..\..\R5T.L0030\source\R5T.L0030.T000\R5T.L0030.T000.csproj", "{8EABED96-5BD2-43FA-8F99-C12B1482B3DB}"
EndProject
Project("{9A19103F-16F7-4668-BE54-9A1E7A4F7556}") = "R5T.L0030", "..\..\R5T.L0030\source\R5T.L0030\R5T.L0030.csproj", "{244CC0CE-F31A-4833-BE80-0C3B47950AA5}"
EndProject
Project("{9A19103F-16F7-4668-BE54-9A1E7A4F7556}") = "R5T.L0034", "..\..\R5T.L0034\source\R5T.L0034\R5T.L0034.csproj", "{B891C9D1-D5F9-4481-B6FC-93D82ADE08AC}"
EndProject
Project("{9A19103F-16F7-4668-BE54-9A1E7A4F7556}") = "R5T.L0035", "..\..\R5T.L0035\source\R5T.L0035\R5T.L0035.csproj", "{2E6B7BBE-CF7F-4004-879B-69745C663D50}"
EndProject
Project("{9A19103F-16F7-4668-BE54-9A1E7A4F7556}") = "R5T.T0131", "..\..\R5T.T0131\source\R5T.T0131\R5T.T0131.csproj", "{F3390F9D-8C1E-43DD-9FC8-24F1D2FCE4EE}"
EndProject
Project("{9A19103F-16F7-4668-BE54-9A1E7A4F7556}") = "R5T.T0132", "..\..\R5T.T0132\source\R5T.T0132\R5T.T0132.csproj", "{69530B16-D796-4B8C-901B-3B5EFB56257F}"
EndProject
Project("{9A19103F-16F7-4668-BE54-9A1E7A4F7556}") = "R5T.T0142", "..\..\R5T.T0142\source\R5T.T0142\R5T.T0142.csproj", "{717AEE93-1082-4B2E-85DA-9983822D0C2D}"
EndProject
Project("{9A19103F-16F7-4668-BE54-9A1E7A4F7556}") = "R5T.T0143", "..\..\R5T.T0143\source\R5T.T0143\R5T.T0143.csproj", "{D5B530DE-361D-4884-AB19-9031C92C9EBF}"
EndProject
Project("{9A19103F-16F7-4668-BE54-9A1E7A4F7556}") = "R5T.T0156", "..\..\R5T.T0156\source\R5T.T0156\R5T.T0156.csproj", "{98BC41BF-F1FD-4004-BD38-F3C788AFB7A5}"
EndProject
Project("{9A19103F-16F7-4668-BE54-9A1E7A4F7556}") = "R5T.T0174", "..\..\R5T.T0174\source\R5T.T0174\R5T.T0174.csproj", "{E6183D34-B3D6-4660-A06B-71AE8E3D8261}"
EndProject
Project("{9A19103F-16F7-4668-BE54-9A1E7A4F7556}") = "R5T.T0176", "..\..\R5T.T0176\source\R5T.T0176\R5T.T0176.csproj", "{DDDDB69A-0DFC-4219-8A01-985075D22770}"
EndProject
Project("{9A19103F-16F7-4668-BE54-9A1E7A4F7556}") = "R5T.T0177", "..\..\R5T.T0177\source\R5T.T0177\R5T.T0177.csproj", "{162C2558-FFD1-401A-B0B6-B58B309119ED}"
EndProject
Project("{9A19103F-16F7-4668-BE54-9A1E7A4F7556}") = "R5T.T0178", "..\..\R5T.T0178\source\R5T.T0178\R5T.T0178.csproj", "{9A9EB51B-960D-4031-BB76-4FE8E7B5D384}"
EndProject
Project("{9A19103F-16F7-4668-BE54-9A1E7A4F7556}") = "R5T.T0179", "..\..\R5T.T0179\source\R5T.T0179\R5T.T0179.csproj", "{AA3E96DF-1543-408B-8516-EBED20EEFEAB}"
EndProject
Project("{9A19103F-16F7-4668-BE54-9A1E7A4F7556}") = "R5T.T0180", "..\..\R5T.T0180\source\R5T.T0180\R5T.T0180.csproj", "{792E9D14-9AFA-4BD0-B4E2-21EACF2834CE}"
EndProject
Project("{9A19103F-16F7-4668-BE54-9A1E7A4F7556}") = "R5T.T0181", "..\..\R5T.T0181\source\R5T.T0181\R5T.T0181.csproj", "{7EE42820-2101-4F5C-BA86-87722916BF29}"
EndProject
Project("{9A19103F-16F7-4668-BE54-9A1E7A4F7556}") = "R5T.T0185", "..\..\R5T.T0185\source\R5T.T0185\R5T.T0185.csproj", "{59C35776-3A84-4930-A1EE-71F230063511}"
EndProject
Project("{9A19103F-16F7-4668-BE54-9A1E7A4F7556}") = "R5T.Y0000", "..\..\R5T.Y0000\source\R5T.Y0000\R5T.Y0000.csproj", "{3D4F5D57-D5D9-4385-A20D-B0CAD8FBF671}"
EndProject
Project("{9A19103F-16F7-4668-BE54-9A1E7A4F7556}") = "R5T.Z0000", "..\..\R5T.Z0000\source\R5T.Z0000\R5T.Z0000.csproj", "{AA183DEA-5119-4B9F-98F8-572E951B6078}"
EndProject
Project("{9A19103F-16F7-4668-BE54-9A1E7A4F7556}") = "R5T.T0187", "..\..\R5T.T0187\source\R5T.T0187\R5T.T0187.csproj", "{F2DB4E3E-875A-4C41-9624-F2D5BF6F59CA}"
EndProject
Project("{9A19103F-16F7-4668-BE54-9A1E7A4F7556}") = "R5T.L0032.T000", "..\..\R5T.L0032\source\R5T.L0032.T000\R5T.L0032.T000.csproj", "{ED366016-E31E-45B4-9BE6-12468976537A}"
EndProject
Project("{9A19103F-16F7-4668-BE54-9A1E7A4F7556}") = "R5T.T0150", "..\..\R5T.T0150\source\R5T.T0150\R5T.T0150.csproj", "{977C2350-DBEA-4876-960F-3DE82FA81A07}"
EndProject
Project("{9A19103F-16F7-4668-BE54-9A1E7A4F7556}") = "R5T.T0151", "..\..\R5T.T0151\source\R5T.T0151\R5T.T0151.csproj", "{D395A251-B182-4760-845C-6A815BDF26DF}"
EndProject
Project("{9A19103F-16F7-4668-BE54-9A1E7A4F7556}") = "R5T.T0161", "..\..\R5T.T0161\source\R5T.T0161\R5T.T0161.csproj", "{D0177A2A-0EC9-498B-B84A-8E30F26BA944}"
EndProject
Project("{9A19103F-16F7-4668-BE54-9A1E7A4F7556}") = "R5T.T0172", "..\..\R5T.T0172\source\R5T.T0172\R5T.T0172.csproj", "{5E67A9E2-ADDF-4714-9B57-5DE0119572A4}"
EndProject
Project("{9A19103F-16F7-4668-BE54-9A1E7A4F7556}") = "R5T.T0184", "..\..\R5T.T0184\source\R5T.T0184\R5T.T0184.csproj", "{E573A9CF-8471-45C0-A0D1-6E280DD0B126}"
EndProject
Project("{9A19103F-16F7-4668-BE54-9A1E7A4F7556}") = "R5T.T0186", "..\..\R5T.T0186\source\R5T.T0186\R5T.T0186.csproj", "{53E536FA-776E-493D-9885-A2E13E4151A6}"
EndProject
Project("{9A19103F-16F7-4668-BE54-9A1E7A4F7556}") = "R5T.T0196", "..\..\R5T.T0196\source\R5T.T0196\R5T.T0196.csproj", "{CDA37C7E-615B-43A7-8BA5-4C7D2D39D611}"
EndProject
Project("{9A19103F-16F7-4668-BE54-9A1E7A4F7556}") = "R5T.T0197", "..\..\R5T.T0197\source\R5T.T0197\R5T.T0197.csproj", "{27A2F2A9-E2FE-43E6-BBEE-163B5B75B069}"
EndProject
Project("{9A19103F-16F7-4668-BE54-9A1E7A4F7556}") = "R5T.T0198", "..\..\R5T.T0198\source\R5T.T0198\R5T.T0198.csproj", "{9EFD207E-A448-4EA1-A3C5-1E83222FB770}"
EndProject
Project("{9A19103F-16F7-4668-BE54-9A1E7A4F7556}") = "R5T.Z0046", "..\..\R5T.Z0046\source\R5T.Z0046\R5T.Z0046.csproj", "{B574E9BA-3DBA-438F-BA39-F9EE5E7BBA73}"
EndProject
Project("{9A19103F-16F7-4668-BE54-9A1E7A4F7556}") = "R5T.O0007.Q000", "R5T.O0007.Q000\R5T.O0007.Q000.csproj", "{C8485196-906E-4086-9581-0D05982B2D2B}"
EndProject
Project("{9A19103F-16F7-4668-BE54-9A1E7A4F7556}") = "R5T.T0141", "..\..\R5T.T0141\source\R5T.T0141\R5T.T0141.csproj", "{245AE509-0628-4281-A6F3-6E54D3DCC596}"
EndProject
Global
	GlobalSection(SolutionConfigurationPlatforms) = preSolution
		Debug|Any CPU = Debug|Any CPU
		Release|Any CPU = Release|Any CPU
	EndGlobalSection
	GlobalSection(ProjectConfigurationPlatforms) = postSolution
		{C9056F6B-D418-483B-902F-CFF5961FF36C}.Debug|Any CPU.ActiveCfg = Debug|Any CPU
		{C9056F6B-D418-483B-902F-CFF5961FF36C}.Debug|Any CPU.Build.0 = Debug|Any CPU
		{C9056F6B-D418-483B-902F-CFF5961FF36C}.Release|Any CPU.ActiveCfg = Release|Any CPU
		{C9056F6B-D418-483B-902F-CFF5961FF36C}.Release|Any CPU.Build.0 = Release|Any CPU
		{CAE35DD5-97E5-48AF-AB97-195FC43B868D}.Debug|Any CPU.ActiveCfg = Debug|Any CPU
		{CAE35DD5-97E5-48AF-AB97-195FC43B868D}.Debug|Any CPU.Build.0 = Debug|Any CPU
		{CAE35DD5-97E5-48AF-AB97-195FC43B868D}.Release|Any CPU.ActiveCfg = Release|Any CPU
		{CAE35DD5-97E5-48AF-AB97-195FC43B868D}.Release|Any CPU.Build.0 = Release|Any CPU
		{C3EFBC35-ED01-440B-BAF1-36661F9DBB70}.Debug|Any CPU.ActiveCfg = Debug|Any CPU
		{C3EFBC35-ED01-440B-BAF1-36661F9DBB70}.Debug|Any CPU.Build.0 = Debug|Any CPU
		{C3EFBC35-ED01-440B-BAF1-36661F9DBB70}.Release|Any CPU.ActiveCfg = Release|Any CPU
		{C3EFBC35-ED01-440B-BAF1-36661F9DBB70}.Release|Any CPU.Build.0 = Release|Any CPU
		{B99AE6F3-80A6-4D73-A78D-C9EDDC8F8908}.Debug|Any CPU.ActiveCfg = Debug|Any CPU
		{B99AE6F3-80A6-4D73-A78D-C9EDDC8F8908}.Debug|Any CPU.Build.0 = Debug|Any CPU
		{B99AE6F3-80A6-4D73-A78D-C9EDDC8F8908}.Release|Any CPU.ActiveCfg = Release|Any CPU
		{B99AE6F3-80A6-4D73-A78D-C9EDDC8F8908}.Release|Any CPU.Build.0 = Release|Any CPU
		{72ED116B-C4AF-485E-9757-63CB9D2959C0}.Debug|Any CPU.ActiveCfg = Debug|Any CPU
		{72ED116B-C4AF-485E-9757-63CB9D2959C0}.Debug|Any CPU.Build.0 = Debug|Any CPU
		{72ED116B-C4AF-485E-9757-63CB9D2959C0}.Release|Any CPU.ActiveCfg = Release|Any CPU
		{72ED116B-C4AF-485E-9757-63CB9D2959C0}.Release|Any CPU.Build.0 = Release|Any CPU
		{5B75A657-9496-4F14-9CBE-73F259B4F7D1}.Debug|Any CPU.ActiveCfg = Debug|Any CPU
		{5B75A657-9496-4F14-9CBE-73F259B4F7D1}.Debug|Any CPU.Build.0 = Debug|Any CPU
		{5B75A657-9496-4F14-9CBE-73F259B4F7D1}.Release|Any CPU.ActiveCfg = Release|Any CPU
		{5B75A657-9496-4F14-9CBE-73F259B4F7D1}.Release|Any CPU.Build.0 = Release|Any CPU
		{8EABED96-5BD2-43FA-8F99-C12B1482B3DB}.Debug|Any CPU.ActiveCfg = Debug|Any CPU
		{8EABED96-5BD2-43FA-8F99-C12B1482B3DB}.Debug|Any CPU.Build.0 = Debug|Any CPU
		{8EABED96-5BD2-43FA-8F99-C12B1482B3DB}.Release|Any CPU.ActiveCfg = Release|Any CPU
		{8EABED96-5BD2-43FA-8F99-C12B1482B3DB}.Release|Any CPU.Build.0 = Release|Any CPU
		{244CC0CE-F31A-4833-BE80-0C3B47950AA5}.Debug|Any CPU.ActiveCfg = Debug|Any CPU
		{244CC0CE-F31A-4833-BE80-0C3B47950AA5}.Debug|Any CPU.Build.0 = Debug|Any CPU
		{244CC0CE-F31A-4833-BE80-0C3B47950AA5}.Release|Any CPU.ActiveCfg = Release|Any CPU
		{244CC0CE-F31A-4833-BE80-0C3B47950AA5}.Release|Any CPU.Build.0 = Release|Any CPU
		{B891C9D1-D5F9-4481-B6FC-93D82ADE08AC}.Debug|Any CPU.ActiveCfg = Debug|Any CPU
		{B891C9D1-D5F9-4481-B6FC-93D82ADE08AC}.Debug|Any CPU.Build.0 = Debug|Any CPU
		{B891C9D1-D5F9-4481-B6FC-93D82ADE08AC}.Release|Any CPU.ActiveCfg = Release|Any CPU
		{B891C9D1-D5F9-4481-B6FC-93D82ADE08AC}.Release|Any CPU.Build.0 = Release|Any CPU
		{2E6B7BBE-CF7F-4004-879B-69745C663D50}.Debug|Any CPU.ActiveCfg = Debug|Any CPU
		{2E6B7BBE-CF7F-4004-879B-69745C663D50}.Debug|Any CPU.Build.0 = Debug|Any CPU
		{2E6B7BBE-CF7F-4004-879B-69745C663D50}.Release|Any CPU.ActiveCfg = Release|Any CPU
		{2E6B7BBE-CF7F-4004-879B-69745C663D50}.Release|Any CPU.Build.0 = Release|Any CPU
		{F3390F9D-8C1E-43DD-9FC8-24F1D2FCE4EE}.Debug|Any CPU.ActiveCfg = Debug|Any CPU
		{F3390F9D-8C1E-43DD-9FC8-24F1D2FCE4EE}.Debug|Any CPU.Build.0 = Debug|Any CPU
		{F3390F9D-8C1E-43DD-9FC8-24F1D2FCE4EE}.Release|Any CPU.ActiveCfg = Release|Any CPU
		{F3390F9D-8C1E-43DD-9FC8-24F1D2FCE4EE}.Release|Any CPU.Build.0 = Release|Any CPU
		{69530B16-D796-4B8C-901B-3B5EFB56257F}.Debug|Any CPU.ActiveCfg = Debug|Any CPU
		{69530B16-D796-4B8C-901B-3B5EFB56257F}.Debug|Any CPU.Build.0 = Debug|Any CPU
		{69530B16-D796-4B8C-901B-3B5EFB56257F}.Release|Any CPU.ActiveCfg = Release|Any CPU
		{69530B16-D796-4B8C-901B-3B5EFB56257F}.Release|Any CPU.Build.0 = Release|Any CPU
		{717AEE93-1082-4B2E-85DA-9983822D0C2D}.Debug|Any CPU.ActiveCfg = Debug|Any CPU
		{717AEE93-1082-4B2E-85DA-9983822D0C2D}.Debug|Any CPU.Build.0 = Debug|Any CPU
		{717AEE93-1082-4B2E-85DA-9983822D0C2D}.Release|Any CPU.ActiveCfg = Release|Any CPU
		{717AEE93-1082-4B2E-85DA-9983822D0C2D}.Release|Any CPU.Build.0 = Release|Any CPU
		{D5B530DE-361D-4884-AB19-9031C92C9EBF}.Debug|Any CPU.ActiveCfg = Debug|Any CPU
		{D5B530DE-361D-4884-AB19-9031C92C9EBF}.Debug|Any CPU.Build.0 = Debug|Any CPU
		{D5B530DE-361D-4884-AB19-9031C92C9EBF}.Release|Any CPU.ActiveCfg = Release|Any CPU
		{D5B530DE-361D-4884-AB19-9031C92C9EBF}.Release|Any CPU.Build.0 = Release|Any CPU
		{98BC41BF-F1FD-4004-BD38-F3C788AFB7A5}.Debug|Any CPU.ActiveCfg = Debug|Any CPU
		{98BC41BF-F1FD-4004-BD38-F3C788AFB7A5}.Debug|Any CPU.Build.0 = Debug|Any CPU
		{98BC41BF-F1FD-4004-BD38-F3C788AFB7A5}.Release|Any CPU.ActiveCfg = Release|Any CPU
		{98BC41BF-F1FD-4004-BD38-F3C788AFB7A5}.Release|Any CPU.Build.0 = Release|Any CPU
		{E6183D34-B3D6-4660-A06B-71AE8E3D8261}.Debug|Any CPU.ActiveCfg = Debug|Any CPU
		{E6183D34-B3D6-4660-A06B-71AE8E3D8261}.Debug|Any CPU.Build.0 = Debug|Any CPU
		{E6183D34-B3D6-4660-A06B-71AE8E3D8261}.Release|Any CPU.ActiveCfg = Release|Any CPU
		{E6183D34-B3D6-4660-A06B-71AE8E3D8261}.Release|Any CPU.Build.0 = Release|Any CPU
		{DDDDB69A-0DFC-4219-8A01-985075D22770}.Debug|Any CPU.ActiveCfg = Debug|Any CPU
		{DDDDB69A-0DFC-4219-8A01-985075D22770}.Debug|Any CPU.Build.0 = Debug|Any CPU
		{DDDDB69A-0DFC-4219-8A01-985075D22770}.Release|Any CPU.ActiveCfg = Release|Any CPU
		{DDDDB69A-0DFC-4219-8A01-985075D22770}.Release|Any CPU.Build.0 = Release|Any CPU
		{162C2558-FFD1-401A-B0B6-B58B309119ED}.Debug|Any CPU.ActiveCfg = Debug|Any CPU
		{162C2558-FFD1-401A-B0B6-B58B309119ED}.Debug|Any CPU.Build.0 = Debug|Any CPU
		{162C2558-FFD1-401A-B0B6-B58B309119ED}.Release|Any CPU.ActiveCfg = Release|Any CPU
		{162C2558-FFD1-401A-B0B6-B58B309119ED}.Release|Any CPU.Build.0 = Release|Any CPU
		{9A9EB51B-960D-4031-BB76-4FE8E7B5D384}.Debug|Any CPU.ActiveCfg = Debug|Any CPU
		{9A9EB51B-960D-4031-BB76-4FE8E7B5D384}.Debug|Any CPU.Build.0 = Debug|Any CPU
		{9A9EB51B-960D-4031-BB76-4FE8E7B5D384}.Release|Any CPU.ActiveCfg = Release|Any CPU
		{9A9EB51B-960D-4031-BB76-4FE8E7B5D384}.Release|Any CPU.Build.0 = Release|Any CPU
		{AA3E96DF-1543-408B-8516-EBED20EEFEAB}.Debug|Any CPU.ActiveCfg = Debug|Any CPU
		{AA3E96DF-1543-408B-8516-EBED20EEFEAB}.Debug|Any CPU.Build.0 = Debug|Any CPU
		{AA3E96DF-1543-408B-8516-EBED20EEFEAB}.Release|Any CPU.ActiveCfg = Release|Any CPU
		{AA3E96DF-1543-408B-8516-EBED20EEFEAB}.Release|Any CPU.Build.0 = Release|Any CPU
		{792E9D14-9AFA-4BD0-B4E2-21EACF2834CE}.Debug|Any CPU.ActiveCfg = Debug|Any CPU
		{792E9D14-9AFA-4BD0-B4E2-21EACF2834CE}.Debug|Any CPU.Build.0 = Debug|Any CPU
		{792E9D14-9AFA-4BD0-B4E2-21EACF2834CE}.Release|Any CPU.ActiveCfg = Release|Any CPU
		{792E9D14-9AFA-4BD0-B4E2-21EACF2834CE}.Release|Any CPU.Build.0 = Release|Any CPU
		{7EE42820-2101-4F5C-BA86-87722916BF29}.Debug|Any CPU.ActiveCfg = Debug|Any CPU
		{7EE42820-2101-4F5C-BA86-87722916BF29}.Debug|Any CPU.Build.0 = Debug|Any CPU
		{7EE42820-2101-4F5C-BA86-87722916BF29}.Release|Any CPU.ActiveCfg = Release|Any CPU
		{7EE42820-2101-4F5C-BA86-87722916BF29}.Release|Any CPU.Build.0 = Release|Any CPU
		{59C35776-3A84-4930-A1EE-71F230063511}.Debug|Any CPU.ActiveCfg = Debug|Any CPU
		{59C35776-3A84-4930-A1EE-71F230063511}.Debug|Any CPU.Build.0 = Debug|Any CPU
		{59C35776-3A84-4930-A1EE-71F230063511}.Release|Any CPU.ActiveCfg = Release|Any CPU
		{59C35776-3A84-4930-A1EE-71F230063511}.Release|Any CPU.Build.0 = Release|Any CPU
		{3D4F5D57-D5D9-4385-A20D-B0CAD8FBF671}.Debug|Any CPU.ActiveCfg = Debug|Any CPU
		{3D4F5D57-D5D9-4385-A20D-B0CAD8FBF671}.Debug|Any CPU.Build.0 = Debug|Any CPU
		{3D4F5D57-D5D9-4385-A20D-B0CAD8FBF671}.Release|Any CPU.ActiveCfg = Release|Any CPU
		{3D4F5D57-D5D9-4385-A20D-B0CAD8FBF671}.Release|Any CPU.Build.0 = Release|Any CPU
		{AA183DEA-5119-4B9F-98F8-572E951B6078}.Debug|Any CPU.ActiveCfg = Debug|Any CPU
		{AA183DEA-5119-4B9F-98F8-572E951B6078}.Debug|Any CPU.Build.0 = Debug|Any CPU
		{AA183DEA-5119-4B9F-98F8-572E951B6078}.Release|Any CPU.ActiveCfg = Release|Any CPU
		{AA183DEA-5119-4B9F-98F8-572E951B6078}.Release|Any CPU.Build.0 = Release|Any CPU
		{F2DB4E3E-875A-4C41-9624-F2D5BF6F59CA}.Debug|Any CPU.ActiveCfg = Debug|Any CPU
		{F2DB4E3E-875A-4C41-9624-F2D5BF6F59CA}.Debug|Any CPU.Build.0 = Debug|Any CPU
		{F2DB4E3E-875A-4C41-9624-F2D5BF6F59CA}.Release|Any CPU.ActiveCfg = Release|Any CPU
		{F2DB4E3E-875A-4C41-9624-F2D5BF6F59CA}.Release|Any CPU.Build.0 = Release|Any CPU
		{ED366016-E31E-45B4-9BE6-12468976537A}.Debug|Any CPU.ActiveCfg = Debug|Any CPU
		{ED366016-E31E-45B4-9BE6-12468976537A}.Debug|Any CPU.Build.0 = Debug|Any CPU
		{ED366016-E31E-45B4-9BE6-12468976537A}.Release|Any CPU.ActiveCfg = Release|Any CPU
		{ED366016-E31E-45B4-9BE6-12468976537A}.Release|Any CPU.Build.0 = Release|Any CPU
		{977C2350-DBEA-4876-960F-3DE82FA81A07}.Debug|Any CPU.ActiveCfg = Debug|Any CPU
		{977C2350-DBEA-4876-960F-3DE82FA81A07}.Debug|Any CPU.Build.0 = Debug|Any CPU
		{977C2350-DBEA-4876-960F-3DE82FA81A07}.Release|Any CPU.ActiveCfg = Release|Any CPU
		{977C2350-DBEA-4876-960F-3DE82FA81A07}.Release|Any CPU.Build.0 = Release|Any CPU
		{D395A251-B182-4760-845C-6A815BDF26DF}.Debug|Any CPU.ActiveCfg = Debug|Any CPU
		{D395A251-B182-4760-845C-6A815BDF26DF}.Debug|Any CPU.Build.0 = Debug|Any CPU
		{D395A251-B182-4760-845C-6A815BDF26DF}.Release|Any CPU.ActiveCfg = Release|Any CPU
		{D395A251-B182-4760-845C-6A815BDF26DF}.Release|Any CPU.Build.0 = Release|Any CPU
		{D0177A2A-0EC9-498B-B84A-8E30F26BA944}.Debug|Any CPU.ActiveCfg = Debug|Any CPU
		{D0177A2A-0EC9-498B-B84A-8E30F26BA944}.Debug|Any CPU.Build.0 = Debug|Any CPU
		{D0177A2A-0EC9-498B-B84A-8E30F26BA944}.Release|Any CPU.ActiveCfg = Release|Any CPU
		{D0177A2A-0EC9-498B-B84A-8E30F26BA944}.Release|Any CPU.Build.0 = Release|Any CPU
		{5E67A9E2-ADDF-4714-9B57-5DE0119572A4}.Debug|Any CPU.ActiveCfg = Debug|Any CPU
		{5E67A9E2-ADDF-4714-9B57-5DE0119572A4}.Debug|Any CPU.Build.0 = Debug|Any CPU
		{5E67A9E2-ADDF-4714-9B57-5DE0119572A4}.Release|Any CPU.ActiveCfg = Release|Any CPU
		{5E67A9E2-ADDF-4714-9B57-5DE0119572A4}.Release|Any CPU.Build.0 = Release|Any CPU
		{E573A9CF-8471-45C0-A0D1-6E280DD0B126}.Debug|Any CPU.ActiveCfg = Debug|Any CPU
		{E573A9CF-8471-45C0-A0D1-6E280DD0B126}.Debug|Any CPU.Build.0 = Debug|Any CPU
		{E573A9CF-8471-45C0-A0D1-6E280DD0B126}.Release|Any CPU.ActiveCfg = Release|Any CPU
		{E573A9CF-8471-45C0-A0D1-6E280DD0B126}.Release|Any CPU.Build.0 = Release|Any CPU
		{53E536FA-776E-493D-9885-A2E13E4151A6}.Debug|Any CPU.ActiveCfg = Debug|Any CPU
		{53E536FA-776E-493D-9885-A2E13E4151A6}.Debug|Any CPU.Build.0 = Debug|Any CPU
		{53E536FA-776E-493D-9885-A2E13E4151A6}.Release|Any CPU.ActiveCfg = Release|Any CPU
		{53E536FA-776E-493D-9885-A2E13E4151A6}.Release|Any CPU.Build.0 = Release|Any CPU
		{CDA37C7E-615B-43A7-8BA5-4C7D2D39D611}.Debug|Any CPU.ActiveCfg = Debug|Any CPU
		{CDA37C7E-615B-43A7-8BA5-4C7D2D39D611}.Debug|Any CPU.Build.0 = Debug|Any CPU
		{CDA37C7E-615B-43A7-8BA5-4C7D2D39D611}.Release|Any CPU.ActiveCfg = Release|Any CPU
		{CDA37C7E-615B-43A7-8BA5-4C7D2D39D611}.Release|Any CPU.Build.0 = Release|Any CPU
		{27A2F2A9-E2FE-43E6-BBEE-163B5B75B069}.Debug|Any CPU.ActiveCfg = Debug|Any CPU
		{27A2F2A9-E2FE-43E6-BBEE-163B5B75B069}.Debug|Any CPU.Build.0 = Debug|Any CPU
		{27A2F2A9-E2FE-43E6-BBEE-163B5B75B069}.Release|Any CPU.ActiveCfg = Release|Any CPU
		{27A2F2A9-E2FE-43E6-BBEE-163B5B75B069}.Release|Any CPU.Build.0 = Release|Any CPU
		{9EFD207E-A448-4EA1-A3C5-1E83222FB770}.Debug|Any CPU.ActiveCfg = Debug|Any CPU
		{9EFD207E-A448-4EA1-A3C5-1E83222FB770}.Debug|Any CPU.Build.0 = Debug|Any CPU
		{9EFD207E-A448-4EA1-A3C5-1E83222FB770}.Release|Any CPU.ActiveCfg = Release|Any CPU
		{9EFD207E-A448-4EA1-A3C5-1E83222FB770}.Release|Any CPU.Build.0 = Release|Any CPU
		{B574E9BA-3DBA-438F-BA39-F9EE5E7BBA73}.Debug|Any CPU.ActiveCfg = Debug|Any CPU
		{B574E9BA-3DBA-438F-BA39-F9EE5E7BBA73}.Debug|Any CPU.Build.0 = Debug|Any CPU
		{B574E9BA-3DBA-438F-BA39-F9EE5E7BBA73}.Release|Any CPU.ActiveCfg = Release|Any CPU
		{B574E9BA-3DBA-438F-BA39-F9EE5E7BBA73}.Release|Any CPU.Build.0 = Release|Any CPU
		{C8485196-906E-4086-9581-0D05982B2D2B}.Debug|Any CPU.ActiveCfg = Debug|Any CPU
		{C8485196-906E-4086-9581-0D05982B2D2B}.Debug|Any CPU.Build.0 = Debug|Any CPU
		{C8485196-906E-4086-9581-0D05982B2D2B}.Release|Any CPU.ActiveCfg = Release|Any CPU
		{C8485196-906E-4086-9581-0D05982B2D2B}.Release|Any CPU.Build.0 = Release|Any CPU
		{245AE509-0628-4281-A6F3-6E54D3DCC596}.Debug|Any CPU.ActiveCfg = Debug|Any CPU
		{245AE509-0628-4281-A6F3-6E54D3DCC596}.Debug|Any CPU.Build.0 = Debug|Any CPU
		{245AE509-0628-4281-A6F3-6E54D3DCC596}.Release|Any CPU.ActiveCfg = Release|Any CPU
		{245AE509-0628-4281-A6F3-6E54D3DCC596}.Release|Any CPU.Build.0 = Release|Any CPU
	EndGlobalSection
	GlobalSection(SolutionProperties) = preSolution
		HideSolutionNode = FALSE
	EndGlobalSection
	GlobalSection(NestedProjects) = preSolution
		{CAE35DD5-97E5-48AF-AB97-195FC43B868D} = {31334FDA-B969-4E14-8A75-154ABDE72A1A}
		{C3EFBC35-ED01-440B-BAF1-36661F9DBB70} = {31334FDA-B969-4E14-8A75-154ABDE72A1A}
		{B99AE6F3-80A6-4D73-A78D-C9EDDC8F8908} = {31334FDA-B969-4E14-8A75-154ABDE72A1A}
		{72ED116B-C4AF-485E-9757-63CB9D2959C0} = {31334FDA-B969-4E14-8A75-154ABDE72A1A}
		{5B75A657-9496-4F14-9CBE-73F259B4F7D1} = {31334FDA-B969-4E14-8A75-154ABDE72A1A}
		{8EABED96-5BD2-43FA-8F99-C12B1482B3DB} = {31334FDA-B969-4E14-8A75-154ABDE72A1A}
		{244CC0CE-F31A-4833-BE80-0C3B47950AA5} = {31334FDA-B969-4E14-8A75-154ABDE72A1A}
		{B891C9D1-D5F9-4481-B6FC-93D82ADE08AC} = {31334FDA-B969-4E14-8A75-154ABDE72A1A}
		{2E6B7BBE-CF7F-4004-879B-69745C663D50} = {31334FDA-B969-4E14-8A75-154ABDE72A1A}
		{F3390F9D-8C1E-43DD-9FC8-24F1D2FCE4EE} = {31334FDA-B969-4E14-8A75-154ABDE72A1A}
		{69530B16-D796-4B8C-901B-3B5EFB56257F} = {31334FDA-B969-4E14-8A75-154ABDE72A1A}
		{717AEE93-1082-4B2E-85DA-9983822D0C2D} = {31334FDA-B969-4E14-8A75-154ABDE72A1A}
		{D5B530DE-361D-4884-AB19-9031C92C9EBF} = {31334FDA-B969-4E14-8A75-154ABDE72A1A}
		{98BC41BF-F1FD-4004-BD38-F3C788AFB7A5} = {31334FDA-B969-4E14-8A75-154ABDE72A1A}
		{E6183D34-B3D6-4660-A06B-71AE8E3D8261} = {31334FDA-B969-4E14-8A75-154ABDE72A1A}
		{DDDDB69A-0DFC-4219-8A01-985075D22770} = {31334FDA-B969-4E14-8A75-154ABDE72A1A}
		{162C2558-FFD1-401A-B0B6-B58B309119ED} = {31334FDA-B969-4E14-8A75-154ABDE72A1A}
		{9A9EB51B-960D-4031-BB76-4FE8E7B5D384} = {31334FDA-B969-4E14-8A75-154ABDE72A1A}
		{AA3E96DF-1543-408B-8516-EBED20EEFEAB} = {31334FDA-B969-4E14-8A75-154ABDE72A1A}
		{792E9D14-9AFA-4BD0-B4E2-21EACF2834CE} = {31334FDA-B969-4E14-8A75-154ABDE72A1A}
		{7EE42820-2101-4F5C-BA86-87722916BF29} = {31334FDA-B969-4E14-8A75-154ABDE72A1A}
		{59C35776-3A84-4930-A1EE-71F230063511} = {31334FDA-B969-4E14-8A75-154ABDE72A1A}
		{3D4F5D57-D5D9-4385-A20D-B0CAD8FBF671} = {31334FDA-B969-4E14-8A75-154ABDE72A1A}
		{AA183DEA-5119-4B9F-98F8-572E951B6078} = {31334FDA-B969-4E14-8A75-154ABDE72A1A}
		{F2DB4E3E-875A-4C41-9624-F2D5BF6F59CA} = {31334FDA-B969-4E14-8A75-154ABDE72A1A}
		{ED366016-E31E-45B4-9BE6-12468976537A} = {31334FDA-B969-4E14-8A75-154ABDE72A1A}
		{977C2350-DBEA-4876-960F-3DE82FA81A07} = {31334FDA-B969-4E14-8A75-154ABDE72A1A}
		{D395A251-B182-4760-845C-6A815BDF26DF} = {31334FDA-B969-4E14-8A75-154ABDE72A1A}
		{D0177A2A-0EC9-498B-B84A-8E30F26BA944} = {31334FDA-B969-4E14-8A75-154ABDE72A1A}
		{5E67A9E2-ADDF-4714-9B57-5DE0119572A4} = {31334FDA-B969-4E14-8A75-154ABDE72A1A}
		{E573A9CF-8471-45C0-A0D1-6E280DD0B126} = {31334FDA-B969-4E14-8A75-154ABDE72A1A}
		{53E536FA-776E-493D-9885-A2E13E4151A6} = {31334FDA-B969-4E14-8A75-154ABDE72A1A}
		{CDA37C7E-615B-43A7-8BA5-4C7D2D39D611} = {31334FDA-B969-4E14-8A75-154ABDE72A1A}
		{27A2F2A9-E2FE-43E6-BBEE-163B5B75B069} = {31334FDA-B969-4E14-8A75-154ABDE72A1A}
		{9EFD207E-A448-4EA1-A3C5-1E83222FB770} = {31334FDA-B969-4E14-8A75-154ABDE72A1A}
		{B574E9BA-3DBA-438F-BA39-F9EE5E7BBA73} = {31334FDA-B969-4E14-8A75-154ABDE72A1A}
		{245AE509-0628-4281-A6F3-6E54D3DCC596} = {31334FDA-B969-4E14-8A75-154ABDE72A1A}
	EndGlobalSection
	GlobalSection(ExtensibilityGlobals) = postSolution
		SolutionGuid = {BA8B1D92-FB34-4AFB-9EFB-732673122111}
	EndGlobalSection
EndGlobal
