
Microsoft Visual Studio Solution File, Format Version 12.00
# Visual Studio Version 17
VisualStudioVersion = 17.2.32630.192
MinimumVisualStudioVersion = 10.0.40219.1
Project("{9A19103F-16F7-4668-BE54-9A1E7A4F7556}") = "R5T.O0007", "R5T.O0007\R5T.O0007.csproj", "{C9056F6B-D418-483B-902F-CFF5961FF36C}"
EndProject
Global
	GlobalSection(SolutionConfigurationPlatforms) = preSolution
		Debug|Any CPU = Debug|Any CPU
		Release|Any CPU = Release|Any CPU
	EndGlobalSection
	GlobalSection(ProjectConfigurationPlatforms) = postSolution
		{C9056F6B-D418-483B-902F-CFF5961FF36C}.Debug|Any CPU.ActiveCfg = Debug|Any CPU
		{C9056F6B-D418-483B-902F-CFF5961FF36C}.Debug|Any CPU.Build.0 = Debug|Any CPU
		{C9056F6B-D418-483B-902F-CFF5961FF36C}.Release|Any CPU.ActiveCfg = Release|Any CPU
		{C9056F6B-D418-483B-902F-CFF5961FF36C}.Release|Any CPU.Build.0 = Release|Any CPU
	EndGlobalSection
	GlobalSection(SolutionProperties) = preSolution
		HideSolutionNode = FALSE
	EndGlobalSection
	GlobalSection(ExtensibilityGlobals) = postSolution
		SolutionGuid = {BA8B1D92-FB34-4AFB-9EFB-732673122111}
	EndGlobalSection
EndGlobal
