
Microsoft Visual Studio Solution File, Format Version 12.00
# Visual Studio Version 17
VisualStudioVersion = 17.2.32630.192
MinimumVisualStudioVersion = 10.0.40219.1
Project("{9A19103F-16F7-4668-BE54-9A1E7A4F7556}") = "R5T.O0007.Construction", "R5T.O0007.Construction\R5T.O0007.Construction.csproj", "{20F03169-14EB-4C3C-80B8-D1B3ED2DBE42}"
EndProject
Project("{9A19103F-16F7-4668-BE54-9A1E7A4F7556}") = "R5T.O0007", "R5T.O0007\R5T.O0007.csproj", "{D6123CB0-26BF-48B8-8D97-A0D836646A08}"
EndProject
Project("{2150E333-8FDC-42A3-9474-1A3956D46DE8}") = "_Dependencies", "_Dependencies", "{098E286E-9522-42DB-A02E-6BBA27049527}"
EndProject
Project("{9A19103F-16F7-4668-BE54-9A1E7A4F7556}") = "R5T.F0000", "..\..\R5T.F0000\source\R5T.F0000\R5T.F0000.csproj", "{AE5A6F89-A916-4B00-A1B7-632A4EE384CD}"
EndProject
Project("{9A19103F-16F7-4668-BE54-9A1E7A4F7556}") = "R5T.F0002", "..\..\R5T.F0002\source\R5T.F0002\R5T.F0002.csproj", "{8C026E61-7217-402B-812C-1A6C980A1B47}"
EndProject
Project("{9A19103F-16F7-4668-BE54-9A1E7A4F7556}") = "R5T.F0120", "..\..\R5T.F0120\source\R5T.F0120\R5T.F0120.csproj", "{C7F3D3A1-51AF-4D6D-86B6-FFF7A5D18D65}"
EndProject
Project("{9A19103F-16F7-4668-BE54-9A1E7A4F7556}") = "R5T.F0124", "..\..\R5T.F0124\source\R5T.F0124\R5T.F0124.csproj", "{B9341ED2-6BB0-410B-A086-2F6A737957F3}"
EndProject
Project("{9A19103F-16F7-4668-BE54-9A1E7A4F7556}") = "R5T.F0125", "..\..\R5T.F0125\source\R5T.F0125\R5T.F0125.csproj", "{6D8DEEB1-147C-4DFF-A897-BA4450BB015C}"
EndProject
Project("{9A19103F-16F7-4668-BE54-9A1E7A4F7556}") = "R5T.L0030.T000", "..\..\R5T.L0030\source\R5T.L0030.T000\R5T.L0030.T000.csproj", "{ED7AF411-9E01-49BF-82A8-3E00A8338500}"
EndProject
Project("{9A19103F-16F7-4668-BE54-9A1E7A4F7556}") = "R5T.L0030", "..\..\R5T.L0030\source\R5T.L0030\R5T.L0030.csproj", "{9975F40F-A895-476E-9CF0-B38A225E62D0}"
EndProject
Project("{9A19103F-16F7-4668-BE54-9A1E7A4F7556}") = "R5T.L0034", "..\..\R5T.L0034\source\R5T.L0034\R5T.L0034.csproj", "{976D4C4D-1E05-4CD8-B1E5-159525289C57}"
EndProject
Project("{9A19103F-16F7-4668-BE54-9A1E7A4F7556}") = "R5T.L0035", "..\..\R5T.L0035\source\R5T.L0035\R5T.L0035.csproj", "{197A9006-C38B-4C54-8BD1-5E99BE8533A4}"
EndProject
Project("{9A19103F-16F7-4668-BE54-9A1E7A4F7556}") = "R5T.T0131", "..\..\R5T.T0131\source\R5T.T0131\R5T.T0131.csproj", "{AA4A3BF7-78EE-4BE7-BFAE-BD5913B01AD1}"
EndProject
Project("{9A19103F-16F7-4668-BE54-9A1E7A4F7556}") = "R5T.T0132", "..\..\R5T.T0132\source\R5T.T0132\R5T.T0132.csproj", "{4A4F4599-221E-42B5-8C48-43A596FC7440}"
EndProject
Project("{9A19103F-16F7-4668-BE54-9A1E7A4F7556}") = "R5T.T0142", "..\..\R5T.T0142\source\R5T.T0142\R5T.T0142.csproj", "{6481CFCE-2F28-42F6-8180-FEE6AD2E552D}"
EndProject
Project("{9A19103F-16F7-4668-BE54-9A1E7A4F7556}") = "R5T.T0143", "..\..\R5T.T0143\source\R5T.T0143\R5T.T0143.csproj", "{6EA88183-D922-4AA2-9396-E4A034C16AAE}"
EndProject
Project("{9A19103F-16F7-4668-BE54-9A1E7A4F7556}") = "R5T.T0156", "..\..\R5T.T0156\source\R5T.T0156\R5T.T0156.csproj", "{CC92C3A0-07C4-4E80-826A-8D4697EF229E}"
EndProject
Project("{9A19103F-16F7-4668-BE54-9A1E7A4F7556}") = "R5T.T0174", "..\..\R5T.T0174\source\R5T.T0174\R5T.T0174.csproj", "{EFE48AA4-968A-4454-A36D-E0FB3FC6E445}"
EndProject
Project("{9A19103F-16F7-4668-BE54-9A1E7A4F7556}") = "R5T.T0176", "..\..\R5T.T0176\source\R5T.T0176\R5T.T0176.csproj", "{54303B1D-854E-4C58-9E9C-0A20BF9CF06B}"
EndProject
Project("{9A19103F-16F7-4668-BE54-9A1E7A4F7556}") = "R5T.T0177", "..\..\R5T.T0177\source\R5T.T0177\R5T.T0177.csproj", "{A9D23565-2489-4A21-83B1-963DCA406CC6}"
EndProject
Project("{9A19103F-16F7-4668-BE54-9A1E7A4F7556}") = "R5T.T0178", "..\..\R5T.T0178\source\R5T.T0178\R5T.T0178.csproj", "{1811F7E2-67D1-4909-992D-97C57E8399AF}"
EndProject
Project("{9A19103F-16F7-4668-BE54-9A1E7A4F7556}") = "R5T.T0179", "..\..\R5T.T0179\source\R5T.T0179\R5T.T0179.csproj", "{223C7BEE-F889-444E-AF3E-AE429B14B581}"
EndProject
Project("{9A19103F-16F7-4668-BE54-9A1E7A4F7556}") = "R5T.T0180", "..\..\R5T.T0180\source\R5T.T0180\R5T.T0180.csproj", "{D2843B8B-EEA0-4E23-8220-E940820508E0}"
EndProject
Project("{9A19103F-16F7-4668-BE54-9A1E7A4F7556}") = "R5T.T0181", "..\..\R5T.T0181\source\R5T.T0181\R5T.T0181.csproj", "{400EEE9E-E3D9-47CA-AEB1-9630FFBBD963}"
EndProject
Project("{9A19103F-16F7-4668-BE54-9A1E7A4F7556}") = "R5T.T0185", "..\..\R5T.T0185\source\R5T.T0185\R5T.T0185.csproj", "{DF34D532-2C95-49FD-91E8-7F6D07B6920D}"
EndProject
Project("{9A19103F-16F7-4668-BE54-9A1E7A4F7556}") = "R5T.Y0000", "..\..\R5T.Y0000\source\R5T.Y0000\R5T.Y0000.csproj", "{C54AE8A7-6FAD-4464-BCF3-E378953C2A4C}"
EndProject
Project("{9A19103F-16F7-4668-BE54-9A1E7A4F7556}") = "R5T.Z0000", "..\..\R5T.Z0000\source\R5T.Z0000\R5T.Z0000.csproj", "{0C34FD3D-7BD7-48F3-BAF3-85D3D40B8B27}"
EndProject
Project("{9A19103F-16F7-4668-BE54-9A1E7A4F7556}") = "R5T.T0187", "..\..\R5T.T0187\source\R5T.T0187\R5T.T0187.csproj", "{AFDDF124-F256-4050-8C39-07B872FCCAC0}"
EndProject
Global
	GlobalSection(NestedProjects) = preSolution
		{AE5A6F89-A916-4B00-A1B7-632A4EE384CD} = {098E286E-9522-42DB-A02E-6BBA27049527}
		{8C026E61-7217-402B-812C-1A6C980A1B47} = {098E286E-9522-42DB-A02E-6BBA27049527}
		{C7F3D3A1-51AF-4D6D-86B6-FFF7A5D18D65} = {098E286E-9522-42DB-A02E-6BBA27049527}
		{B9341ED2-6BB0-410B-A086-2F6A737957F3} = {098E286E-9522-42DB-A02E-6BBA27049527}
		{6D8DEEB1-147C-4DFF-A897-BA4450BB015C} = {098E286E-9522-42DB-A02E-6BBA27049527}
		{ED7AF411-9E01-49BF-82A8-3E00A8338500} = {098E286E-9522-42DB-A02E-6BBA27049527}
		{9975F40F-A895-476E-9CF0-B38A225E62D0} = {098E286E-9522-42DB-A02E-6BBA27049527}
		{976D4C4D-1E05-4CD8-B1E5-159525289C57} = {098E286E-9522-42DB-A02E-6BBA27049527}
		{197A9006-C38B-4C54-8BD1-5E99BE8533A4} = {098E286E-9522-42DB-A02E-6BBA27049527}
		{AA4A3BF7-78EE-4BE7-BFAE-BD5913B01AD1} = {098E286E-9522-42DB-A02E-6BBA27049527}
		{4A4F4599-221E-42B5-8C48-43A596FC7440} = {098E286E-9522-42DB-A02E-6BBA27049527}
		{6481CFCE-2F28-42F6-8180-FEE6AD2E552D} = {098E286E-9522-42DB-A02E-6BBA27049527}
		{6EA88183-D922-4AA2-9396-E4A034C16AAE} = {098E286E-9522-42DB-A02E-6BBA27049527}
		{CC92C3A0-07C4-4E80-826A-8D4697EF229E} = {098E286E-9522-42DB-A02E-6BBA27049527}
		{EFE48AA4-968A-4454-A36D-E0FB3FC6E445} = {098E286E-9522-42DB-A02E-6BBA27049527}
		{54303B1D-854E-4C58-9E9C-0A20BF9CF06B} = {098E286E-9522-42DB-A02E-6BBA27049527}
		{A9D23565-2489-4A21-83B1-963DCA406CC6} = {098E286E-9522-42DB-A02E-6BBA27049527}
		{1811F7E2-67D1-4909-992D-97C57E8399AF} = {098E286E-9522-42DB-A02E-6BBA27049527}
		{223C7BEE-F889-444E-AF3E-AE429B14B581} = {098E286E-9522-42DB-A02E-6BBA27049527}
		{D2843B8B-EEA0-4E23-8220-E940820508E0} = {098E286E-9522-42DB-A02E-6BBA27049527}
		{400EEE9E-E3D9-47CA-AEB1-9630FFBBD963} = {098E286E-9522-42DB-A02E-6BBA27049527}
		{DF34D532-2C95-49FD-91E8-7F6D07B6920D} = {098E286E-9522-42DB-A02E-6BBA27049527}
		{C54AE8A7-6FAD-4464-BCF3-E378953C2A4C} = {098E286E-9522-42DB-A02E-6BBA27049527}
		{0C34FD3D-7BD7-48F3-BAF3-85D3D40B8B27} = {098E286E-9522-42DB-A02E-6BBA27049527}
		{AFDDF124-F256-4050-8C39-07B872FCCAC0} = {098E286E-9522-42DB-A02E-6BBA27049527}
	EndGlobalSection
	GlobalSection(SolutionConfigurationPlatforms) = preSolution
		Debug|Any CPU = Debug|Any CPU
		Release|Any CPU = Release|Any CPU
	EndGlobalSection
	GlobalSection(ProjectConfigurationPlatforms) = postSolution
		{20F03169-14EB-4C3C-80B8-D1B3ED2DBE42}.Debug|Any CPU.ActiveCfg = Debug|Any CPU
		{20F03169-14EB-4C3C-80B8-D1B3ED2DBE42}.Debug|Any CPU.Build.0 = Debug|Any CPU
		{20F03169-14EB-4C3C-80B8-D1B3ED2DBE42}.Release|Any CPU.ActiveCfg = Release|Any CPU
		{20F03169-14EB-4C3C-80B8-D1B3ED2DBE42}.Release|Any CPU.Build.0 = Release|Any CPU
		{D6123CB0-26BF-48B8-8D97-A0D836646A08}.Debug|Any CPU.ActiveCfg = Debug|Any CPU
		{D6123CB0-26BF-48B8-8D97-A0D836646A08}.Debug|Any CPU.Build.0 = Debug|Any CPU
		{D6123CB0-26BF-48B8-8D97-A0D836646A08}.Release|Any CPU.ActiveCfg = Release|Any CPU
		{D6123CB0-26BF-48B8-8D97-A0D836646A08}.Release|Any CPU.Build.0 = Release|Any CPU
		{AE5A6F89-A916-4B00-A1B7-632A4EE384CD}.Debug|Any CPU.ActiveCfg = Debug|Any CPU
		{AE5A6F89-A916-4B00-A1B7-632A4EE384CD}.Debug|Any CPU.Build.0 = Debug|Any CPU
		{AE5A6F89-A916-4B00-A1B7-632A4EE384CD}.Release|Any CPU.ActiveCfg = Release|Any CPU
		{AE5A6F89-A916-4B00-A1B7-632A4EE384CD}.Release|Any CPU.Build.0 = Release|Any CPU
		{8C026E61-7217-402B-812C-1A6C980A1B47}.Debug|Any CPU.ActiveCfg = Debug|Any CPU
		{8C026E61-7217-402B-812C-1A6C980A1B47}.Debug|Any CPU.Build.0 = Debug|Any CPU
		{8C026E61-7217-402B-812C-1A6C980A1B47}.Release|Any CPU.ActiveCfg = Release|Any CPU
		{8C026E61-7217-402B-812C-1A6C980A1B47}.Release|Any CPU.Build.0 = Release|Any CPU
		{C7F3D3A1-51AF-4D6D-86B6-FFF7A5D18D65}.Debug|Any CPU.ActiveCfg = Debug|Any CPU
		{C7F3D3A1-51AF-4D6D-86B6-FFF7A5D18D65}.Debug|Any CPU.Build.0 = Debug|Any CPU
		{C7F3D3A1-51AF-4D6D-86B6-FFF7A5D18D65}.Release|Any CPU.ActiveCfg = Release|Any CPU
		{C7F3D3A1-51AF-4D6D-86B6-FFF7A5D18D65}.Release|Any CPU.Build.0 = Release|Any CPU
		{B9341ED2-6BB0-410B-A086-2F6A737957F3}.Debug|Any CPU.ActiveCfg = Debug|Any CPU
		{B9341ED2-6BB0-410B-A086-2F6A737957F3}.Debug|Any CPU.Build.0 = Debug|Any CPU
		{B9341ED2-6BB0-410B-A086-2F6A737957F3}.Release|Any CPU.ActiveCfg = Release|Any CPU
		{B9341ED2-6BB0-410B-A086-2F6A737957F3}.Release|Any CPU.Build.0 = Release|Any CPU
		{6D8DEEB1-147C-4DFF-A897-BA4450BB015C}.Debug|Any CPU.ActiveCfg = Debug|Any CPU
		{6D8DEEB1-147C-4DFF-A897-BA4450BB015C}.Debug|Any CPU.Build.0 = Debug|Any CPU
		{6D8DEEB1-147C-4DFF-A897-BA4450BB015C}.Release|Any CPU.ActiveCfg = Release|Any CPU
		{6D8DEEB1-147C-4DFF-A897-BA4450BB015C}.Release|Any CPU.Build.0 = Release|Any CPU
		{ED7AF411-9E01-49BF-82A8-3E00A8338500}.Debug|Any CPU.ActiveCfg = Debug|Any CPU
		{ED7AF411-9E01-49BF-82A8-3E00A8338500}.Debug|Any CPU.Build.0 = Debug|Any CPU
		{ED7AF411-9E01-49BF-82A8-3E00A8338500}.Release|Any CPU.ActiveCfg = Release|Any CPU
		{ED7AF411-9E01-49BF-82A8-3E00A8338500}.Release|Any CPU.Build.0 = Release|Any CPU
		{9975F40F-A895-476E-9CF0-B38A225E62D0}.Debug|Any CPU.ActiveCfg = Debug|Any CPU
		{9975F40F-A895-476E-9CF0-B38A225E62D0}.Debug|Any CPU.Build.0 = Debug|Any CPU
		{9975F40F-A895-476E-9CF0-B38A225E62D0}.Release|Any CPU.ActiveCfg = Release|Any CPU
		{9975F40F-A895-476E-9CF0-B38A225E62D0}.Release|Any CPU.Build.0 = Release|Any CPU
		{976D4C4D-1E05-4CD8-B1E5-159525289C57}.Debug|Any CPU.ActiveCfg = Debug|Any CPU
		{976D4C4D-1E05-4CD8-B1E5-159525289C57}.Debug|Any CPU.Build.0 = Debug|Any CPU
		{976D4C4D-1E05-4CD8-B1E5-159525289C57}.Release|Any CPU.ActiveCfg = Release|Any CPU
		{976D4C4D-1E05-4CD8-B1E5-159525289C57}.Release|Any CPU.Build.0 = Release|Any CPU
		{197A9006-C38B-4C54-8BD1-5E99BE8533A4}.Debug|Any CPU.ActiveCfg = Debug|Any CPU
		{197A9006-C38B-4C54-8BD1-5E99BE8533A4}.Debug|Any CPU.Build.0 = Debug|Any CPU
		{197A9006-C38B-4C54-8BD1-5E99BE8533A4}.Release|Any CPU.ActiveCfg = Release|Any CPU
		{197A9006-C38B-4C54-8BD1-5E99BE8533A4}.Release|Any CPU.Build.0 = Release|Any CPU
		{AA4A3BF7-78EE-4BE7-BFAE-BD5913B01AD1}.Debug|Any CPU.ActiveCfg = Debug|Any CPU
		{AA4A3BF7-78EE-4BE7-BFAE-BD5913B01AD1}.Debug|Any CPU.Build.0 = Debug|Any CPU
		{AA4A3BF7-78EE-4BE7-BFAE-BD5913B01AD1}.Release|Any CPU.ActiveCfg = Release|Any CPU
		{AA4A3BF7-78EE-4BE7-BFAE-BD5913B01AD1}.Release|Any CPU.Build.0 = Release|Any CPU
		{4A4F4599-221E-42B5-8C48-43A596FC7440}.Debug|Any CPU.ActiveCfg = Debug|Any CPU
		{4A4F4599-221E-42B5-8C48-43A596FC7440}.Debug|Any CPU.Build.0 = Debug|Any CPU
		{4A4F4599-221E-42B5-8C48-43A596FC7440}.Release|Any CPU.ActiveCfg = Release|Any CPU
		{4A4F4599-221E-42B5-8C48-43A596FC7440}.Release|Any CPU.Build.0 = Release|Any CPU
		{6481CFCE-2F28-42F6-8180-FEE6AD2E552D}.Debug|Any CPU.ActiveCfg = Debug|Any CPU
		{6481CFCE-2F28-42F6-8180-FEE6AD2E552D}.Debug|Any CPU.Build.0 = Debug|Any CPU
		{6481CFCE-2F28-42F6-8180-FEE6AD2E552D}.Release|Any CPU.ActiveCfg = Release|Any CPU
		{6481CFCE-2F28-42F6-8180-FEE6AD2E552D}.Release|Any CPU.Build.0 = Release|Any CPU
		{6EA88183-D922-4AA2-9396-E4A034C16AAE}.Debug|Any CPU.ActiveCfg = Debug|Any CPU
		{6EA88183-D922-4AA2-9396-E4A034C16AAE}.Debug|Any CPU.Build.0 = Debug|Any CPU
		{6EA88183-D922-4AA2-9396-E4A034C16AAE}.Release|Any CPU.ActiveCfg = Release|Any CPU
		{6EA88183-D922-4AA2-9396-E4A034C16AAE}.Release|Any CPU.Build.0 = Release|Any CPU
		{CC92C3A0-07C4-4E80-826A-8D4697EF229E}.Debug|Any CPU.ActiveCfg = Debug|Any CPU
		{CC92C3A0-07C4-4E80-826A-8D4697EF229E}.Debug|Any CPU.Build.0 = Debug|Any CPU
		{CC92C3A0-07C4-4E80-826A-8D4697EF229E}.Release|Any CPU.ActiveCfg = Release|Any CPU
		{CC92C3A0-07C4-4E80-826A-8D4697EF229E}.Release|Any CPU.Build.0 = Release|Any CPU
		{EFE48AA4-968A-4454-A36D-E0FB3FC6E445}.Debug|Any CPU.ActiveCfg = Debug|Any CPU
		{EFE48AA4-968A-4454-A36D-E0FB3FC6E445}.Debug|Any CPU.Build.0 = Debug|Any CPU
		{EFE48AA4-968A-4454-A36D-E0FB3FC6E445}.Release|Any CPU.ActiveCfg = Release|Any CPU
		{EFE48AA4-968A-4454-A36D-E0FB3FC6E445}.Release|Any CPU.Build.0 = Release|Any CPU
		{54303B1D-854E-4C58-9E9C-0A20BF9CF06B}.Debug|Any CPU.ActiveCfg = Debug|Any CPU
		{54303B1D-854E-4C58-9E9C-0A20BF9CF06B}.Debug|Any CPU.Build.0 = Debug|Any CPU
		{54303B1D-854E-4C58-9E9C-0A20BF9CF06B}.Release|Any CPU.ActiveCfg = Release|Any CPU
		{54303B1D-854E-4C58-9E9C-0A20BF9CF06B}.Release|Any CPU.Build.0 = Release|Any CPU
		{A9D23565-2489-4A21-83B1-963DCA406CC6}.Debug|Any CPU.ActiveCfg = Debug|Any CPU
		{A9D23565-2489-4A21-83B1-963DCA406CC6}.Debug|Any CPU.Build.0 = Debug|Any CPU
		{A9D23565-2489-4A21-83B1-963DCA406CC6}.Release|Any CPU.ActiveCfg = Release|Any CPU
		{A9D23565-2489-4A21-83B1-963DCA406CC6}.Release|Any CPU.Build.0 = Release|Any CPU
		{1811F7E2-67D1-4909-992D-97C57E8399AF}.Debug|Any CPU.ActiveCfg = Debug|Any CPU
		{1811F7E2-67D1-4909-992D-97C57E8399AF}.Debug|Any CPU.Build.0 = Debug|Any CPU
		{1811F7E2-67D1-4909-992D-97C57E8399AF}.Release|Any CPU.ActiveCfg = Release|Any CPU
		{1811F7E2-67D1-4909-992D-97C57E8399AF}.Release|Any CPU.Build.0 = Release|Any CPU
		{223C7BEE-F889-444E-AF3E-AE429B14B581}.Debug|Any CPU.ActiveCfg = Debug|Any CPU
		{223C7BEE-F889-444E-AF3E-AE429B14B581}.Debug|Any CPU.Build.0 = Debug|Any CPU
		{223C7BEE-F889-444E-AF3E-AE429B14B581}.Release|Any CPU.ActiveCfg = Release|Any CPU
		{223C7BEE-F889-444E-AF3E-AE429B14B581}.Release|Any CPU.Build.0 = Release|Any CPU
		{D2843B8B-EEA0-4E23-8220-E940820508E0}.Debug|Any CPU.ActiveCfg = Debug|Any CPU
		{D2843B8B-EEA0-4E23-8220-E940820508E0}.Debug|Any CPU.Build.0 = Debug|Any CPU
		{D2843B8B-EEA0-4E23-8220-E940820508E0}.Release|Any CPU.ActiveCfg = Release|Any CPU
		{D2843B8B-EEA0-4E23-8220-E940820508E0}.Release|Any CPU.Build.0 = Release|Any CPU
		{400EEE9E-E3D9-47CA-AEB1-9630FFBBD963}.Debug|Any CPU.ActiveCfg = Debug|Any CPU
		{400EEE9E-E3D9-47CA-AEB1-9630FFBBD963}.Debug|Any CPU.Build.0 = Debug|Any CPU
		{400EEE9E-E3D9-47CA-AEB1-9630FFBBD963}.Release|Any CPU.ActiveCfg = Release|Any CPU
		{400EEE9E-E3D9-47CA-AEB1-9630FFBBD963}.Release|Any CPU.Build.0 = Release|Any CPU
		{DF34D532-2C95-49FD-91E8-7F6D07B6920D}.Debug|Any CPU.ActiveCfg = Debug|Any CPU
		{DF34D532-2C95-49FD-91E8-7F6D07B6920D}.Debug|Any CPU.Build.0 = Debug|Any CPU
		{DF34D532-2C95-49FD-91E8-7F6D07B6920D}.Release|Any CPU.ActiveCfg = Release|Any CPU
		{DF34D532-2C95-49FD-91E8-7F6D07B6920D}.Release|Any CPU.Build.0 = Release|Any CPU
		{C54AE8A7-6FAD-4464-BCF3-E378953C2A4C}.Debug|Any CPU.ActiveCfg = Debug|Any CPU
		{C54AE8A7-6FAD-4464-BCF3-E378953C2A4C}.Debug|Any CPU.Build.0 = Debug|Any CPU
		{C54AE8A7-6FAD-4464-BCF3-E378953C2A4C}.Release|Any CPU.ActiveCfg = Release|Any CPU
		{C54AE8A7-6FAD-4464-BCF3-E378953C2A4C}.Release|Any CPU.Build.0 = Release|Any CPU
		{0C34FD3D-7BD7-48F3-BAF3-85D3D40B8B27}.Debug|Any CPU.ActiveCfg = Debug|Any CPU
		{0C34FD3D-7BD7-48F3-BAF3-85D3D40B8B27}.Debug|Any CPU.Build.0 = Debug|Any CPU
		{0C34FD3D-7BD7-48F3-BAF3-85D3D40B8B27}.Release|Any CPU.ActiveCfg = Release|Any CPU
		{0C34FD3D-7BD7-48F3-BAF3-85D3D40B8B27}.Release|Any CPU.Build.0 = Release|Any CPU
		{AFDDF124-F256-4050-8C39-07B872FCCAC0}.Debug|Any CPU.ActiveCfg = Debug|Any CPU
		{AFDDF124-F256-4050-8C39-07B872FCCAC0}.Debug|Any CPU.Build.0 = Debug|Any CPU
		{AFDDF124-F256-4050-8C39-07B872FCCAC0}.Release|Any CPU.ActiveCfg = Release|Any CPU
		{AFDDF124-F256-4050-8C39-07B872FCCAC0}.Release|Any CPU.Build.0 = Release|Any CPU
	EndGlobalSection
	GlobalSection(SolutionProperties) = preSolution
		HideSolutionNode = FALSE
	EndGlobalSection
	GlobalSection(ExtensibilityGlobals) = postSolution
		SolutionGuid = {7E25B4A9-6A19-4F94-BAD6-8490696FB48D}
	EndGlobalSection
EndGlobal
