
Microsoft Visual Studio Solution File, Format Version 12.00
# Visual Studio Version 17
VisualStudioVersion = 17.2.32630.192
MinimumVisualStudioVersion = 10.0.40219.1
Project("{9A19103F-16F7-4668-BE54-9A1E7A4F7556}") = "R5T.O0007.Construction", "R5T.O0007.Construction\R5T.O0007.Construction.csproj", "{20F03169-14EB-4C3C-80B8-D1B3ED2DBE42}"
EndProject
Project("{9A19103F-16F7-4668-BE54-9A1E7A4F7556}") = "R5T.O0007", "R5T.O0007\R5T.O0007.csproj", "{D6123CB0-26BF-48B8-8D97-A0D836646A08}"
EndProject
Global
	GlobalSection(SolutionConfigurationPlatforms) = preSolution
		Debug|Any CPU = Debug|Any CPU
		Release|Any CPU = Release|Any CPU
	EndGlobalSection
	GlobalSection(ProjectConfigurationPlatforms) = postSolution
		{20F03169-14EB-4C3C-80B8-D1B3ED2DBE42}.Debug|Any CPU.ActiveCfg = Debug|Any CPU
		{20F03169-14EB-4C3C-80B8-D1B3ED2DBE42}.Debug|Any CPU.Build.0 = Debug|Any CPU
		{20F03169-14EB-4C3C-80B8-D1B3ED2DBE42}.Release|Any CPU.ActiveCfg = Release|Any CPU
		{20F03169-14EB-4C3C-80B8-D1B3ED2DBE42}.Release|Any CPU.Build.0 = Release|Any CPU
		{D6123CB0-26BF-48B8-8D97-A0D836646A08}.Debug|Any CPU.ActiveCfg = Debug|Any CPU
		{D6123CB0-26BF-48B8-8D97-A0D836646A08}.Debug|Any CPU.Build.0 = Debug|Any CPU
		{D6123CB0-26BF-48B8-8D97-A0D836646A08}.Release|Any CPU.ActiveCfg = Release|Any CPU
		{D6123CB0-26BF-48B8-8D97-A0D836646A08}.Release|Any CPU.Build.0 = Release|Any CPU
	EndGlobalSection
	GlobalSection(SolutionProperties) = preSolution
		HideSolutionNode = FALSE
	EndGlobalSection
	GlobalSection(ExtensibilityGlobals) = postSolution
		SolutionGuid = {7E25B4A9-6A19-4F94-BAD6-8490696FB48D}
	EndGlobalSection
EndGlobal
